
Microsoft Visual Studio Solution File, Format Version 12.00
# Visual Studio Version 17
VisualStudioVersion = 17.6.33829.357
MinimumVisualStudioVersion = 10.0.40219.1
Project("{8BC9CEB8-8B4A-11D0-8D11-00A0C91BC942}") = "SandBox", "SandBox\SandBox.vcxproj", "{F4F624D9-2977-43C0-8651-B8BCC89C03B2}"
EndProject
Project("{8BC9CEB8-8B4A-11D0-8D11-00A0C91BC942}") = "BeaverEngine", "BeaverEngine\BeaverEngine.vcxproj", "{7D11EDE5-8F6F-4FF3-9F8D-047291671249}"
EndProject
Project("{8BC9CEB8-8B4A-11D0-8D11-00A0C91BC942}") = "glfw", "_deps\glfw-build\src\glfw.vcxproj", "{2EBBFA6F-49A2-3502-B788-A652FA921BF2}"
EndProject
Project("{8BC9CEB8-8B4A-11D0-8D11-00A0C91BC942}") = "yaml-cpp static", "_deps\yaml-cpp-build\yaml-cpp.vcxproj", "{0AA2CD37-54EF-3EF7-9FDD-3A589A4EB45C}"
EndProject
Project("{8BC9CEB8-8B4A-11D0-8D11-00A0C91BC942}") = "glad", "_deps\glad\glad.vcxproj", "{4FC5B62B-37F8-45B0-99F5-666782F5C466}"
EndProject
Project("{8BC9CEB8-8B4A-11D0-8D11-00A0C91BC942}") = "glm", "_deps\glm-build\glm\glm.vcxproj", "{E320D57E-9F85-32ED-9E4A-72DC173C5256}"
EndProject
Global
	GlobalSection(SolutionConfigurationPlatforms) = preSolution
		Debug|x64 = Debug|x64
		Debug|x86 = Debug|x86
		MinSizeRel|x64 = MinSizeRel|x64
		MinSizeRel|x86 = MinSizeRel|x86
		Release|x64 = Release|x64
		Release|x86 = Release|x86
		RelWithDebInfo|x64 = RelWithDebInfo|x64
		RelWithDebInfo|x86 = RelWithDebInfo|x86
	EndGlobalSection
	GlobalSection(ProjectConfigurationPlatforms) = postSolution
		{F4F624D9-2977-43C0-8651-B8BCC89C03B2}.Debug|x64.ActiveCfg = Debug|x64
		{F4F624D9-2977-43C0-8651-B8BCC89C03B2}.Debug|x64.Build.0 = Debug|x64
		{F4F624D9-2977-43C0-8651-B8BCC89C03B2}.Debug|x86.ActiveCfg = Debug|Win32
		{F4F624D9-2977-43C0-8651-B8BCC89C03B2}.Debug|x86.Build.0 = Debug|Win32
		{F4F624D9-2977-43C0-8651-B8BCC89C03B2}.MinSizeRel|x64.ActiveCfg = Release|x64
		{F4F624D9-2977-43C0-8651-B8BCC89C03B2}.MinSizeRel|x64.Build.0 = Release|x64
		{F4F624D9-2977-43C0-8651-B8BCC89C03B2}.MinSizeRel|x86.ActiveCfg = Release|Win32
		{F4F624D9-2977-43C0-8651-B8BCC89C03B2}.MinSizeRel|x86.Build.0 = Release|Win32
		{F4F624D9-2977-43C0-8651-B8BCC89C03B2}.Release|x64.ActiveCfg = Release|x64
		{F4F624D9-2977-43C0-8651-B8BCC89C03B2}.Release|x64.Build.0 = Release|x64
		{F4F624D9-2977-43C0-8651-B8BCC89C03B2}.Release|x86.ActiveCfg = Release|Win32
		{F4F624D9-2977-43C0-8651-B8BCC89C03B2}.Release|x86.Build.0 = Release|Win32
		{F4F624D9-2977-43C0-8651-B8BCC89C03B2}.RelWithDebInfo|x64.ActiveCfg = Release|x64
		{F4F624D9-2977-43C0-8651-B8BCC89C03B2}.RelWithDebInfo|x64.Build.0 = Release|x64
		{F4F624D9-2977-43C0-8651-B8BCC89C03B2}.RelWithDebInfo|x86.ActiveCfg = Release|Win32
		{F4F624D9-2977-43C0-8651-B8BCC89C03B2}.RelWithDebInfo|x86.Build.0 = Release|Win32
		{7D11EDE5-8F6F-4FF3-9F8D-047291671249}.Debug|x64.ActiveCfg = Debug|x64
		{7D11EDE5-8F6F-4FF3-9F8D-047291671249}.Debug|x64.Build.0 = Debug|x64
		{7D11EDE5-8F6F-4FF3-9F8D-047291671249}.Debug|x86.ActiveCfg = Debug|Win32
		{7D11EDE5-8F6F-4FF3-9F8D-047291671249}.Debug|x86.Build.0 = Debug|Win32
		{7D11EDE5-8F6F-4FF3-9F8D-047291671249}.MinSizeRel|x64.ActiveCfg = Release|x64
		{7D11EDE5-8F6F-4FF3-9F8D-047291671249}.MinSizeRel|x64.Build.0 = Release|x64
		{7D11EDE5-8F6F-4FF3-9F8D-047291671249}.MinSizeRel|x86.ActiveCfg = Release|Win32
		{7D11EDE5-8F6F-4FF3-9F8D-047291671249}.MinSizeRel|x86.Build.0 = Release|Win32
		{7D11EDE5-8F6F-4FF3-9F8D-047291671249}.Release|x64.ActiveCfg = Release|x64
		{7D11EDE5-8F6F-4FF3-9F8D-047291671249}.Release|x64.Build.0 = Release|x64
		{7D11EDE5-8F6F-4FF3-9F8D-047291671249}.Release|x86.ActiveCfg = Release|Win32
		{7D11EDE5-8F6F-4FF3-9F8D-047291671249}.Release|x86.Build.0 = Release|Win32
		{7D11EDE5-8F6F-4FF3-9F8D-047291671249}.RelWithDebInfo|x64.ActiveCfg = Release|x64
		{7D11EDE5-8F6F-4FF3-9F8D-047291671249}.RelWithDebInfo|x64.Build.0 = Release|x64
		{7D11EDE5-8F6F-4FF3-9F8D-047291671249}.RelWithDebInfo|x86.ActiveCfg = Release|Win32
		{7D11EDE5-8F6F-4FF3-9F8D-047291671249}.RelWithDebInfo|x86.Build.0 = Release|Win32
		{2EBBFA6F-49A2-3502-B788-A652FA921BF2}.Debug|x64.ActiveCfg = Debug|x64
		{2EBBFA6F-49A2-3502-B788-A652FA921BF2}.Debug|x64.Build.0 = Debug|x64
		{2EBBFA6F-49A2-3502-B788-A652FA921BF2}.Debug|x86.ActiveCfg = Debug|x64
		{2EBBFA6F-49A2-3502-B788-A652FA921BF2}.Debug|x86.Build.0 = Debug|x64
		{2EBBFA6F-49A2-3502-B788-A652FA921BF2}.MinSizeRel|x64.ActiveCfg = MinSizeRel|x64
		{2EBBFA6F-49A2-3502-B788-A652FA921BF2}.MinSizeRel|x64.Build.0 = MinSizeRel|x64
		{2EBBFA6F-49A2-3502-B788-A652FA921BF2}.MinSizeRel|x86.ActiveCfg = MinSizeRel|x64
		{2EBBFA6F-49A2-3502-B788-A652FA921BF2}.MinSizeRel|x86.Build.0 = MinSizeRel|x64
		{2EBBFA6F-49A2-3502-B788-A652FA921BF2}.Release|x64.ActiveCfg = Release|x64
		{2EBBFA6F-49A2-3502-B788-A652FA921BF2}.Release|x64.Build.0 = Release|x64
		{2EBBFA6F-49A2-3502-B788-A652FA921BF2}.Release|x86.ActiveCfg = Release|x64
		{2EBBFA6F-49A2-3502-B788-A652FA921BF2}.Release|x86.Build.0 = Release|x64
		{2EBBFA6F-49A2-3502-B788-A652FA921BF2}.RelWithDebInfo|x64.ActiveCfg = RelWithDebInfo|x64
		{2EBBFA6F-49A2-3502-B788-A652FA921BF2}.RelWithDebInfo|x64.Build.0 = RelWithDebInfo|x64
		{2EBBFA6F-49A2-3502-B788-A652FA921BF2}.RelWithDebInfo|x86.ActiveCfg = RelWithDebInfo|x64
		{2EBBFA6F-49A2-3502-B788-A652FA921BF2}.RelWithDebInfo|x86.Build.0 = RelWithDebInfo|x64
		{0AA2CD37-54EF-3EF7-9FDD-3A589A4EB45C}.Debug|x64.ActiveCfg = Debug|x64
		{0AA2CD37-54EF-3EF7-9FDD-3A589A4EB45C}.Debug|x64.Build.0 = Debug|x64
		{0AA2CD37-54EF-3EF7-9FDD-3A589A4EB45C}.Debug|x86.ActiveCfg = Debug|x64
		{0AA2CD37-54EF-3EF7-9FDD-3A589A4EB45C}.Debug|x86.Build.0 = Debug|x64
		{0AA2CD37-54EF-3EF7-9FDD-3A589A4EB45C}.MinSizeRel|x64.ActiveCfg = MinSizeRel|x64
		{0AA2CD37-54EF-3EF7-9FDD-3A589A4EB45C}.MinSizeRel|x64.Build.0 = MinSizeRel|x64
		{0AA2CD37-54EF-3EF7-9FDD-3A589A4EB45C}.MinSizeRel|x86.ActiveCfg = MinSizeRel|x64
		{0AA2CD37-54EF-3EF7-9FDD-3A589A4EB45C}.MinSizeRel|x86.Build.0 = MinSizeRel|x64
		{0AA2CD37-54EF-3EF7-9FDD-3A589A4EB45C}.Release|x64.ActiveCfg = Release|x64
		{0AA2CD37-54EF-3EF7-9FDD-3A589A4EB45C}.Release|x64.Build.0 = Release|x64
		{0AA2CD37-54EF-3EF7-9FDD-3A589A4EB45C}.Release|x86.ActiveCfg = Release|x64
		{0AA2CD37-54EF-3EF7-9FDD-3A589A4EB45C}.Release|x86.Build.0 = Release|x64
		{0AA2CD37-54EF-3EF7-9FDD-3A589A4EB45C}.RelWithDebInfo|x64.ActiveCfg = RelWithDebInfo|x64
		{0AA2CD37-54EF-3EF7-9FDD-3A589A4EB45C}.RelWithDebInfo|x64.Build.0 = RelWithDebInfo|x64
		{0AA2CD37-54EF-3EF7-9FDD-3A589A4EB45C}.RelWithDebInfo|x86.ActiveCfg = RelWithDebInfo|x64
		{0AA2CD37-54EF-3EF7-9FDD-3A589A4EB45C}.RelWithDebInfo|x86.Build.0 = RelWithDebInfo|x64
		{4FC5B62B-37F8-45B0-99F5-666782F5C466}.Debug|x64.ActiveCfg = Debug|x64
		{4FC5B62B-37F8-45B0-99F5-666782F5C466}.Debug|x64.Build.0 = Debug|x64
		{4FC5B62B-37F8-45B0-99F5-666782F5C466}.Debug|x86.ActiveCfg = Debug|Win32
		{4FC5B62B-37F8-45B0-99F5-666782F5C466}.Debug|x86.Build.0 = Debug|Win32
		{4FC5B62B-37F8-45B0-99F5-666782F5C466}.MinSizeRel|x64.ActiveCfg = Debug|x64
		{4FC5B62B-37F8-45B0-99F5-666782F5C466}.MinSizeRel|x64.Build.0 = Debug|x64
		{4FC5B62B-37F8-45B0-99F5-666782F5C466}.MinSizeRel|x86.ActiveCfg = Debug|Win32
		{4FC5B62B-37F8-45B0-99F5-666782F5C466}.MinSizeRel|x86.Build.0 = Debug|Win32
		{4FC5B62B-37F8-45B0-99F5-666782F5C466}.Release|x64.ActiveCfg = Release|x64
		{4FC5B62B-37F8-45B0-99F5-666782F5C466}.Release|x64.Build.0 = Release|x64
		{4FC5B62B-37F8-45B0-99F5-666782F5C466}.Release|x86.ActiveCfg = Release|Win32
		{4FC5B62B-37F8-45B0-99F5-666782F5C466}.Release|x86.Build.0 = Release|Win32
		{4FC5B62B-37F8-45B0-99F5-666782F5C466}.RelWithDebInfo|x64.ActiveCfg = Release|x64
		{4FC5B62B-37F8-45B0-99F5-666782F5C466}.RelWithDebInfo|x64.Build.0 = Release|x64
		{4FC5B62B-37F8-45B0-99F5-666782F5C466}.RelWithDebInfo|x86.ActiveCfg = Release|Win32
		{4FC5B62B-37F8-45B0-99F5-666782F5C466}.RelWithDebInfo|x86.Build.0 = Release|Win32
		{E320D57E-9F85-32ED-9E4A-72DC173C5256}.Debug|x64.ActiveCfg = Debug|x64
		{E320D57E-9F85-32ED-9E4A-72DC173C5256}.Debug|x64.Build.0 = Debug|x64
		{E320D57E-9F85-32ED-9E4A-72DC173C5256}.Debug|x86.ActiveCfg = Debug|x64
		{E320D57E-9F85-32ED-9E4A-72DC173C5256}.Debug|x86.Build.0 = Debug|x64
		{E320D57E-9F85-32ED-9E4A-72DC173C5256}.MinSizeRel|x64.ActiveCfg = MinSizeRel|x64
		{E320D57E-9F85-32ED-9E4A-72DC173C5256}.MinSizeRel|x64.Build.0 = MinSizeRel|x64
		{E320D57E-9F85-32ED-9E4A-72DC173C5256}.MinSizeRel|x86.ActiveCfg = MinSizeRel|x64
		{E320D57E-9F85-32ED-9E4A-72DC173C5256}.MinSizeRel|x86.Build.0 = MinSizeRel|x64
		{E320D57E-9F85-32ED-9E4A-72DC173C5256}.Release|x64.ActiveCfg = Release|x64
		{E320D57E-9F85-32ED-9E4A-72DC173C5256}.Release|x64.Build.0 = Release|x64
		{E320D57E-9F85-32ED-9E4A-72DC173C5256}.Release|x86.ActiveCfg = Release|x64
		{E320D57E-9F85-32ED-9E4A-72DC173C5256}.Release|x86.Build.0 = Release|x64
		{E320D57E-9F85-32ED-9E4A-72DC173C5256}.RelWithDebInfo|x64.ActiveCfg = RelWithDebInfo|x64
		{E320D57E-9F85-32ED-9E4A-72DC173C5256}.RelWithDebInfo|x64.Build.0 = RelWithDebInfo|x64
		{E320D57E-9F85-32ED-9E4A-72DC173C5256}.RelWithDebInfo|x86.ActiveCfg = RelWithDebInfo|x64
		{E320D57E-9F85-32ED-9E4A-72DC173C5256}.RelWithDebInfo|x86.Build.0 = RelWithDebInfo|x64
	EndGlobalSection
	GlobalSection(SolutionProperties) = preSolution
		HideSolutionNode = FALSE
	EndGlobalSection
	GlobalSection(ExtensibilityGlobals) = postSolution
		SolutionGuid = {CDC18E25-E08A-45DA-AEC7-38868A691FE7}
	EndGlobalSection
EndGlobal
